{
    "_meta": {
        "hash": {
            "sha256": "cbaa657080e3b11649d600514f3f02bd6beaa86c5574d49e1073ac8eb0ba2755"
        },
        "host-environment-markers": {
            "implementation_name": "cpython",
            "implementation_version": "0",
            "os_name": "nt",
            "platform_machine": "AMD64",
            "platform_python_implementation": "CPython",
            "platform_release": "10",
            "platform_system": "Windows",
            "platform_version": "10.0.17134",
            "python_full_version": "2.7.14",
            "python_version": "2.7",
            "sys_platform": "win32"
        },
        "pipfile-spec": 6,
        "requires": {
            "python_version": "2.7"
        },
        "sources": [
            {
                "name": "pypi",
                "url": "https://mirrors.aliyun.com/pypi/simple",
                "verify_ssl": true
            }
        ]
    },
    "default": {
        "pathlib2": {
            "hashes": [],
            "version": "==2.3.2"
        },
        "psutil": {
            "hashes": [],
            "version": "==5.4.5"
        },
        "pyside": {
            "hashes": [],
            "version": "==1.2.4"
        },
        "qt.py": {
            "hashes": [],
            "version": "==1.1.0"
        },
        "scandir": {
            "hashes": [],
            "markers": "python_version < '3.5'",
            "version": "==1.7"
        },
        "six": {
            "hashes": [],
            "version": "==1.11.0"
        },
        "sqlalchemy": {
            "hashes": [],
            "version": "==1.2.7"
        },
        "win-unicode-console": {
            "hashes": [],
            "version": "==0.5"
        }
    },
    "develop": {
        "astroid": {
            "hashes": [],
            "version": "==1.6.4"
        },
        "autopep8": {
            "hashes": [],
            "version": "==1.3.5"
        },
        "backports.functools-lru-cache": {
            "hashes": [],
            "markers": "python_version < '3.4'",
            "version": "==1.5"
        },
        "colorama": {
            "hashes": [],
            "markers": "sys_platform == 'win32'",
            "version": "==0.3.9"
        },
        "configparser": {
            "hashes": [],
            "markers": "python_version == '2.7'",
            "version": "==3.5.0"
        },
        "enum34": {
            "hashes": [],
            "markers": "python_version < '3.4'",
            "version": "==1.1.6"
        },
        "futures": {
            "hashes": [],
            "version": "==3.2.0"
        },
        "isort": {
            "hashes": [],
            "version": "==4.3.4"
        },
        "lazy-object-proxy": {
            "hashes": [],
            "version": "==1.3.1"
        },
        "mccabe": {
            "hashes": [],
            "version": "==0.6.1"
        },
        "pycodestyle": {
            "hashes": [],
            "version": "==2.4.0"
        },
        "pylint": {
            "hashes": [],
            "version": "==1.9.1"
        },
        "singledispatch": {
            "hashes": [],
            "markers": "python_version < '3.4'",
            "version": "==3.4.0.3"
        },
        "six": {
            "hashes": [],
            "version": "==1.11.0"
        },
        "wrapt": {
            "hashes": [],
            "version": "==1.10.11"
        }
    }
}
